// !$*UTF8*$!
{
	archiveVersion = 1;
	classes = {
	};
	objectVersion = 77;
	objects = {

/* Begin PBXBuildFile section */
		14C0F53A1B6F4B5E9A000001 /* SnapKit in Frameworks */ = {isa = PBXBuildFile; productRef = 14C0F53A1B6F4B5E9A000101 /* SnapKit */; };
		14C0F53A1B6F4B5E9A000002 /* Sparkle in Frameworks */ = {isa = PBXBuildFile; productRef = 14C0F53A1B6F4B5E9A000102 /* Sparkle */; };
		14C0F53A1B6F4B5E9A000003 /* GRDB in Frameworks */ = {isa = PBXBuildFile; productRef = 14C0F53A1B6F4B5E9A000103 /* GRDB */; };
		2B4B348245704143AF6795D3 /* Pods_ConnectMate_ConnectMateUITests.framework in Frameworks */ = {isa = PBXBuildFile; fileRef = C30F6CCAD38D5F5D3DB11795 /* Pods_ConnectMate_ConnectMateUITests.framework */; };
		828775F6546716A7E0BAB3DD /* Pods_ConnectMate.framework in Frameworks */ = {isa = PBXBuildFile; fileRef = 5299E7E6463F03C1ECB625E8 /* Pods_ConnectMate.framework */; };
		AC2AD7A49F7215BE0E7CDEC9 /* Pods_ConnectMate_ConnectMateTests.framework in Frameworks */ = {isa = PBXBuildFile; fileRef = E67B1E240223C6D8B67253E1 /* Pods_ConnectMate_ConnectMateTests.framework */; };
/* End PBXBuildFile section */

/* Begin PBXContainerItemProxy section */
		956CEEEF2F758BCB00CD96C9 /* PBXContainerItemProxy */ = {
			isa = PBXContainerItemProxy;
			containerPortal = 956CEED62F758BC900CD96C9 /* Project object */;
			proxyType = 1;
			remoteGlobalIDString = 956CEEDD2F758BC900CD96C9;
			remoteInfo = ConnectMate;
		};
		956CEEF92F758BCB00CD96C9 /* PBXContainerItemProxy */ = {
			isa = PBXContainerItemProxy;
			containerPortal = 956CEED62F758BC900CD96C9 /* Project object */;
			proxyType = 1;
			remoteGlobalIDString = 956CEEDD2F758BC900CD96C9;
			remoteInfo = ConnectMate;
		};
/* End PBXContainerItemProxy section */

/* Begin PBXFileReference section */
		009834305A4B7542432463F2 /* Pods-ConnectMateUITests.release.xcconfig */ = {isa = PBXFileReference; includeInIndex = 1; lastKnownFileType = text.xcconfig; name = "Pods-ConnectMateUITests.release.xcconfig"; path = "Target Support Files/Pods-ConnectMateUITests/Pods-ConnectMateUITests.release.xcconfig"; sourceTree = "<group>"; };
		3CCC71502E43EA7ADFB0852D /* Pods-ConnectMate.release.xcconfig */ = {isa = PBXFileReference; includeInIndex = 1; lastKnownFileType = text.xcconfig; name = "Pods-ConnectMate.release.xcconfig"; path = "Target Support Files/Pods-ConnectMate/Pods-ConnectMate.release.xcconfig"; sourceTree = "<group>"; };
		47172083A9DC6EA3FD20400B /* Pods-ConnectMate-ConnectMateUITests.debug.xcconfig */ = {isa = PBXFileReference; includeInIndex = 1; lastKnownFileType = text.xcconfig; name = "Pods-ConnectMate-ConnectMateUITests.debug.xcconfig"; path = "Target Support Files/Pods-ConnectMate-ConnectMateUITests/Pods-ConnectMate-ConnectMateUITests.debug.xcconfig"; sourceTree = "<group>"; };
		5299E7E6463F03C1ECB625E8 /* Pods_ConnectMate.framework */ = {isa = PBXFileReference; explicitFileType = wrapper.framework; includeInIndex = 0; path = Pods_ConnectMate.framework; sourceTree = BUILT_PRODUCTS_DIR; };
		8D5677788DEED2F1A161A7A2 /* Pods-ConnectMateTests.release.xcconfig */ = {isa = PBXFileReference; includeInIndex = 1; lastKnownFileType = text.xcconfig; name = "Pods-ConnectMateTests.release.xcconfig"; path = "Target Support Files/Pods-ConnectMateTests/Pods-ConnectMateTests.release.xcconfig"; sourceTree = "<group>"; };
		956CEEDE2F758BC900CD96C9 /* ConnectMate.app */ = {isa = PBXFileReference; explicitFileType = wrapper.application; includeInIndex = 0; path = ConnectMate.app; sourceTree = BUILT_PRODUCTS_DIR; };
		956CEEEE2F758BCB00CD96C9 /* ConnectMateTests.xctest */ = {isa = PBXFileReference; explicitFileType = wrapper.cfbundle; includeInIndex = 0; path = ConnectMateTests.xctest; sourceTree = BUILT_PRODUCTS_DIR; };
		956CEEF82F758BCB00CD96C9 /* ConnectMateUITests.xctest */ = {isa = PBXFileReference; explicitFileType = wrapper.cfbundle; includeInIndex = 0; path = ConnectMateUITests.xctest; sourceTree = BUILT_PRODUCTS_DIR; };
		9F6E46A24790FF856EF6E883 /* Pods-ConnectMate-ConnectMateUITests.release.xcconfig */ = {isa = PBXFileReference; includeInIndex = 1; lastKnownFileType = text.xcconfig; name = "Pods-ConnectMate-ConnectMateUITests.release.xcconfig"; path = "Target Support Files/Pods-ConnectMate-ConnectMateUITests/Pods-ConnectMate-ConnectMateUITests.release.xcconfig"; sourceTree = "<group>"; };
		B2EF292DD0A02A8B95B9F465 /* Pods-ConnectMate-ConnectMateTests.release.xcconfig */ = {isa = PBXFileReference; includeInIndex = 1; lastKnownFileType = text.xcconfig; name = "Pods-ConnectMate-ConnectMateTests.release.xcconfig"; path = "Target Support Files/Pods-ConnectMate-ConnectMateTests/Pods-ConnectMate-ConnectMateTests.release.xcconfig"; sourceTree = "<group>"; };
		BDD5D71C86428702834E8A66 /* Pods-ConnectMateUITests.debug.xcconfig */ = {isa = PBXFileReference; includeInIndex = 1; lastKnownFileType = text.xcconfig; name = "Pods-ConnectMateUITests.debug.xcconfig"; path = "Target Support Files/Pods-ConnectMateUITests/Pods-ConnectMateUITests.debug.xcconfig"; sourceTree = "<group>"; };
		C30F6CCAD38D5F5D3DB11795 /* Pods_ConnectMate_ConnectMateUITests.framework */ = {isa = PBXFileReference; explicitFileType = wrapper.framework; includeInIndex = 0; path = Pods_ConnectMate_ConnectMateUITests.framework; sourceTree = BUILT_PRODUCTS_DIR; };
		C32307AC41014C333CF0E2D3 /* Pods-ConnectMateTests.debug.xcconfig */ = {isa = PBXFileReference; includeInIndex = 1; lastKnownFileType = text.xcconfig; name = "Pods-ConnectMateTests.debug.xcconfig"; path = "Target Support Files/Pods-ConnectMateTests/Pods-ConnectMateTests.debug.xcconfig"; sourceTree = "<group>"; };
		E0D6037CE90C07A89CC4D31F /* Pods-ConnectMate-ConnectMateTests.debug.xcconfig */ = {isa = PBXFileReference; includeInIndex = 1; lastKnownFileType = text.xcconfig; name = "Pods-ConnectMate-ConnectMateTests.debug.xcconfig"; path = "Target Support Files/Pods-ConnectMate-ConnectMateTests/Pods-ConnectMate-ConnectMateTests.debug.xcconfig"; sourceTree = "<group>"; };
		E67B1E240223C6D8B67253E1 /* Pods_ConnectMate_ConnectMateTests.framework */ = {isa = PBXFileReference; explicitFileType = wrapper.framework; includeInIndex = 0; path = Pods_ConnectMate_ConnectMateTests.framework; sourceTree = BUILT_PRODUCTS_DIR; };
		E9AB2F601C5FBBB94214D461 /* Pods-ConnectMate.debug.xcconfig */ = {isa = PBXFileReference; includeInIndex = 1; lastKnownFileType = text.xcconfig; name = "Pods-ConnectMate.debug.xcconfig"; path = "Target Support Files/Pods-ConnectMate/Pods-ConnectMate.debug.xcconfig"; sourceTree = "<group>"; };
/* End PBXFileReference section */

/* Begin PBXFileSystemSynchronizedRootGroup section */
		956CEEE02F758BC900CD96C9 /* ConnectMate */ = {
			isa = PBXFileSystemSynchronizedRootGroup;
			path = ConnectMate;
			sourceTree = "<group>";
		};
		956CEEF12F758BCB00CD96C9 /* ConnectMateTests */ = {
			isa = PBXFileSystemSynchronizedRootGroup;
			path = ConnectMateTests;
			sourceTree = "<group>";
		};
		956CEEFB2F758BCB00CD96C9 /* ConnectMateUITests */ = {
			isa = PBXFileSystemSynchronizedRootGroup;
			path = ConnectMateUITests;
			sourceTree = "<group>";
		};
/* End PBXFileSystemSynchronizedRootGroup section */

/* Begin PBXFrameworksBuildPhase section */
		956CEEDB2F758BC900CD96C9 /* Frameworks */ = {
			isa = PBXFrameworksBuildPhase;
			buildActionMask = 2147483647;
			files = (
				14C0F53A1B6F4B5E9A000001 /* SnapKit in Frameworks */,
				14C0F53A1B6F4B5E9A000002 /* Sparkle in Frameworks */,
				14C0F53A1B6F4B5E9A000003 /* GRDB in Frameworks */,
				828775F6546716A7E0BAB3DD /* Pods_ConnectMate.framework in Frameworks */,
			);
			runOnlyForDeploymentPostprocessing = 0;
		};
		956CEEEB2F758BCB00CD96C9 /* Frameworks */ = {
			isa = PBXFrameworksBuildPhase;
			buildActionMask = 2147483647;
			files = (
				AC2AD7A49F7215BE0E7CDEC9 /* Pods_ConnectMate_ConnectMateTests.framework in Frameworks */,
			);
			runOnlyForDeploymentPostprocessing = 0;
		};
		956CEEF52F758BCB00CD96C9 /* Frameworks */ = {
			isa = PBXFrameworksBuildPhase;
			buildActionMask = 2147483647;
			files = (
				2B4B348245704143AF6795D3 /* Pods_ConnectMate_ConnectMateUITests.framework in Frameworks */,
			);
			runOnlyForDeploymentPostprocessing = 0;
		};
/* End PBXFrameworksBuildPhase section */

/* Begin PBXGroup section */
		4C6177CB9110F315C5CCA730 /* Pods */ = {
			isa = PBXGroup;
			children = (
				E9AB2F601C5FBBB94214D461 /* Pods-ConnectMate.debug.xcconfig */,
				3CCC71502E43EA7ADFB0852D /* Pods-ConnectMate.release.xcconfig */,
				C32307AC41014C333CF0E2D3 /* Pods-ConnectMateTests.debug.xcconfig */,
				8D5677788DEED2F1A161A7A2 /* Pods-ConnectMateTests.release.xcconfig */,
				BDD5D71C86428702834E8A66 /* Pods-ConnectMateUITests.debug.xcconfig */,
				009834305A4B7542432463F2 /* Pods-ConnectMateUITests.release.xcconfig */,
				E0D6037CE90C07A89CC4D31F /* Pods-ConnectMate-ConnectMateTests.debug.xcconfig */,
				B2EF292DD0A02A8B95B9F465 /* Pods-ConnectMate-ConnectMateTests.release.xcconfig */,
				47172083A9DC6EA3FD20400B /* Pods-ConnectMate-ConnectMateUITests.debug.xcconfig */,
				9F6E46A24790FF856EF6E883 /* Pods-ConnectMate-ConnectMateUITests.release.xcconfig */,
			);
			path = Pods;
			sourceTree = "<group>";
		};
		5403130B7C06F343D93FA5D0 /* Frameworks */ = {
			isa = PBXGroup;
			children = (
				5299E7E6463F03C1ECB625E8 /* Pods_ConnectMate.framework */,
				E67B1E240223C6D8B67253E1 /* Pods_ConnectMate_ConnectMateTests.framework */,
				C30F6CCAD38D5F5D3DB11795 /* Pods_ConnectMate_ConnectMateUITests.framework */,
			);
			name = Frameworks;
			sourceTree = "<group>";
		};
		956CEED52F758BC900CD96C9 = {
			isa = PBXGroup;
			children = (
				956CEEE02F758BC900CD96C9 /* ConnectMate */,
				956CEEF12F758BCB00CD96C9 /* ConnectMateTests */,
				956CEEFB2F758BCB00CD96C9 /* ConnectMateUITests */,
				956CEEDF2F758BC900CD96C9 /* Products */,
				4C6177CB9110F315C5CCA730 /* Pods */,
				5403130B7C06F343D93FA5D0 /* Frameworks */,
			);
			sourceTree = "<group>";
		};
		956CEEDF2F758BC900CD96C9 /* Products */ = {
			isa = PBXGroup;
			children = (
				956CEEDE2F758BC900CD96C9 /* ConnectMate.app */,
				956CEEEE2F758BCB00CD96C9 /* ConnectMateTests.xctest */,
				956CEEF82F758BCB00CD96C9 /* ConnectMateUITests.xctest */,
			);
			name = Products;
			sourceTree = "<group>";
		};
/* End PBXGroup section */

/* Begin PBXNativeTarget section */
		956CEEDD2F758BC900CD96C9 /* ConnectMate */ = {
			isa = PBXNativeTarget;
			buildConfigurationList = 956CEF022F758BCB00CD96C9 /* Build configuration list for PBXNativeTarget "ConnectMate" */;
			buildPhases = (
				B84138289B78A5F06DDEEA7C /* [CP] Check Pods Manifest.lock */,
				956CEEDA2F758BC900CD96C9 /* Sources */,
				956CEEDB2F758BC900CD96C9 /* Frameworks */,
				956CEEDC2F758BC900CD96C9 /* Resources */,
			);
			buildRules = (
			);
			dependencies = (
			);
			fileSystemSynchronizedGroups = (
				956CEEE02F758BC900CD96C9 /* ConnectMate */,
			);
			name = ConnectMate;
			packageProductDependencies = (
				14C0F53A1B6F4B5E9A000101 /* SnapKit */,
				14C0F53A1B6F4B5E9A000102 /* Sparkle */,
				14C0F53A1B6F4B5E9A000103 /* GRDB */,
			);
			productName = ConnectMate;
			productReference = 956CEEDE2F758BC900CD96C9 /* ConnectMate.app */;
			productType = "com.apple.product-type.application";
		};
		956CEEED2F758BCB00CD96C9 /* ConnectMateTests */ = {
			isa = PBXNativeTarget;
			buildConfigurationList = 956CEF052F758BCB00CD96C9 /* Build configuration list for PBXNativeTarget "ConnectMateTests" */;
			buildPhases = (
				05FDC03F748B0AFE511815B0 /* [CP] Check Pods Manifest.lock */,
				956CEEEA2F758BCB00CD96C9 /* Sources */,
				956CEEEB2F758BCB00CD96C9 /* Frameworks */,
				956CEEEC2F758BCB00CD96C9 /* Resources */,
			);
			buildRules = (
			);
			dependencies = (
				956CEEF02F758BCB00CD96C9 /* PBXTargetDependency */,
			);
			fileSystemSynchronizedGroups = (
				956CEEF12F758BCB00CD96C9 /* ConnectMateTests */,
			);
			name = ConnectMateTests;
			productName = ConnectMateTests;
			productReference = 956CEEEE2F758BCB00CD96C9 /* ConnectMateTests.xctest */;
			productType = "com.apple.product-type.bundle.unit-test";
		};
		956CEEF72F758BCB00CD96C9 /* ConnectMateUITests */ = {
			isa = PBXNativeTarget;
			buildConfigurationList = 956CEF082F758BCB00CD96C9 /* Build configuration list for PBXNativeTarget "ConnectMateUITests" */;
			buildPhases = (
				58A879B6096F2E108CC11996 /* [CP] Check Pods Manifest.lock */,
				956CEEF42F758BCB00CD96C9 /* Sources */,
				956CEEF52F758BCB00CD96C9 /* Frameworks */,
				956CEEF62F758BCB00CD96C9 /* Resources */,
			);
			buildRules = (
			);
			dependencies = (
				956CEEFA2F758BCB00CD96C9 /* PBXTargetDependency */,
			);
			fileSystemSynchronizedGroups = (
				956CEEFB2F758BCB00CD96C9 /* ConnectMateUITests */,
			);
			name = ConnectMateUITests;
			productName = ConnectMateUITests;
			productReference = 956CEEF82F758BCB00CD96C9 /* ConnectMateUITests.xctest */;
			productType = "com.apple.product-type.bundle.ui-testing";
		};
/* End PBXNativeTarget section */

/* Begin PBXProject section */
		956CEED62F758BC900CD96C9 /* Project object */ = {
			isa = PBXProject;
			attributes = {
				BuildIndependentTargetsInParallel = 1;
				LastSwiftUpdateCheck = 2640;
				LastUpgradeCheck = 2640;
				TargetAttributes = {
					956CEEDD2F758BC900CD96C9 = {
						CreatedOnToolsVersion = 26.4;
					};
					956CEEED2F758BCB00CD96C9 = {
						CreatedOnToolsVersion = 26.4;
						TestTargetID = 956CEEDD2F758BC900CD96C9;
					};
					956CEEF72F758BCB00CD96C9 = {
						CreatedOnToolsVersion = 26.4;
						TestTargetID = 956CEEDD2F758BC900CD96C9;
					};
				};
			};
			buildConfigurationList = 956CEED92F758BC900CD96C9 /* Build configuration list for PBXProject "ConnectMate" */;
			developmentRegion = en;
			hasScannedForEncodings = 0;
			knownRegions = (
				en,
				Base,
				"zh-Hans",
				"zh-Hant",
			);
			mainGroup = 956CEED52F758BC900CD96C9;
			minimizedProjectReferenceProxies = 1;
			packageReferences = (
				14C0F53A1B6F4B5E9A000201 /* XCRemoteSwiftPackageReference "SnapKit" */,
				14C0F53A1B6F4B5E9A000202 /* XCRemoteSwiftPackageReference "Sparkle" */,
				14C0F53A1B6F4B5E9A000203 /* XCRemoteSwiftPackageReference "GRDB.swift" */,
			);
			preferredProjectObjectVersion = 77;
			productRefGroup = 956CEEDF2F758BC900CD96C9 /* Products */;
			projectDirPath = "";
			projectRoot = "";
			targets = (
				956CEEDD2F758BC900CD96C9 /* ConnectMate */,
				956CEEED2F758BCB00CD96C9 /* ConnectMateTests */,
				956CEEF72F758BCB00CD96C9 /* ConnectMateUITests */,
			);
		};
/* End PBXProject section */

/* Begin PBXResourcesBuildPhase section */
		956CEEDC2F758BC900CD96C9 /* Resources */ = {
			isa = PBXResourcesBuildPhase;
			buildActionMask = 2147483647;
			files = (
			);
			runOnlyForDeploymentPostprocessing = 0;
		};
		956CEEEC2F758BCB00CD96C9 /* Resources */ = {
			isa = PBXResourcesBuildPhase;
			buildActionMask = 2147483647;
			files = (
			);
			runOnlyForDeploymentPostprocessing = 0;
		};
		956CEEF62F758BCB00CD96C9 /* Resources */ = {
			isa = PBXResourcesBuildPhase;
			buildActionMask = 2147483647;
			files = (
			);
			runOnlyForDeploymentPostprocessing = 0;
		};
/* End PBXResourcesBuildPhase section */

/* Begin PBXShellScriptBuildPhase section */
		05FDC03F748B0AFE511815B0 /* [CP] Check Pods Manifest.lock */ = {
			isa = PBXShellScriptBuildPhase;
			buildActionMask = 2147483647;
			files = (
			);
			inputFileListPaths = (
			);
			inputPaths = (
				"${PODS_PODFILE_DIR_PATH}/Podfile.lock",
				"${PODS_ROOT}/Manifest.lock",
			);
			name = "[CP] Check Pods Manifest.lock";
			outputFileListPaths = (
			);
			outputPaths = (
				"$(DERIVED_FILE_DIR)/Pods-ConnectMate-ConnectMateTests-checkManifestLockResult.txt",
			);
			runOnlyForDeploymentPostprocessing = 0;
			shellPath = /bin/sh;
			shellScript = "diff \"${PODS_PODFILE_DIR_PATH}/Podfile.lock\" \"${PODS_ROOT}/Manifest.lock\" > /dev/null\nif [ $? != 0 ] ; then\n    # print error to STDERR\n    echo \"error: The sandbox is not in sync with the Podfile.lock. Run 'pod install' or update your CocoaPods installation.\" >&2\n    exit 1\nfi\n# This output is used by Xcode 'outputs' to avoid re-running this script phase.\necho \"SUCCESS\" > \"${SCRIPT_OUTPUT_FILE_0}\"\n";
			showEnvVarsInLog = 0;
		};
		58A879B6096F2E108CC11996 /* [CP] Check Pods Manifest.lock */ = {
			isa = PBXShellScriptBuildPhase;
			buildActionMask = 2147483647;
			files = (
			);
			inputFileListPaths = (
			);
			inputPaths = (
				"${PODS_PODFILE_DIR_PATH}/Podfile.lock",
				"${PODS_ROOT}/Manifest.lock",
			);
			name = "[CP] Check Pods Manifest.lock";
			outputFileListPaths = (
			);
			outputPaths = (
				"$(DERIVED_FILE_DIR)/Pods-ConnectMate-ConnectMateUITests-checkManifestLockResult.txt",
			);
			runOnlyForDeploymentPostprocessing = 0;
			shellPath = /bin/sh;
			shellScript = "diff \"${PODS_PODFILE_DIR_PATH}/Podfile.lock\" \"${PODS_ROOT}/Manifest.lock\" > /dev/null\nif [ $? != 0 ] ; then\n    # print error to STDERR\n    echo \"error: The sandbox is not in sync with the Podfile.lock. Run 'pod install' or update your CocoaPods installation.\" >&2\n    exit 1\nfi\n# This output is used by Xcode 'outputs' to avoid re-running this script phase.\necho \"SUCCESS\" > \"${SCRIPT_OUTPUT_FILE_0}\"\n";
			showEnvVarsInLog = 0;
		};
		B84138289B78A5F06DDEEA7C /* [CP] Check Pods Manifest.lock */ = {
			isa = PBXShellScriptBuildPhase;
			buildActionMask = 2147483647;
			files = (
			);
			inputFileListPaths = (
			);
			inputPaths = (
				"${PODS_PODFILE_DIR_PATH}/Podfile.lock",
				"${PODS_ROOT}/Manifest.lock",
			);
			name = "[CP] Check Pods Manifest.lock";
			outputFileListPaths = (
			);
			outputPaths = (
				"$(DERIVED_FILE_DIR)/Pods-ConnectMate-checkManifestLockResult.txt",
			);
			runOnlyForDeploymentPostprocessing = 0;
			shellPath = /bin/sh;
			shellScript = "diff \"${PODS_PODFILE_DIR_PATH}/Podfile.lock\" \"${PODS_ROOT}/Manifest.lock\" > /dev/null\nif [ $? != 0 ] ; then\n    # print error to STDERR\n    echo \"error: The sandbox is not in sync with the Podfile.lock. Run 'pod install' or update your CocoaPods installation.\" >&2\n    exit 1\nfi\n# This output is used by Xcode 'outputs' to avoid re-running this script phase.\necho \"SUCCESS\" > \"${SCRIPT_OUTPUT_FILE_0}\"\n";
			showEnvVarsInLog = 0;
		};
/* End PBXShellScriptBuildPhase section */

/* Begin PBXSourcesBuildPhase section */
		956CEEDA2F758BC900CD96C9 /* Sources */ = {
			isa = PBXSourcesBuildPhase;
			buildActionMask = 2147483647;
			files = (
			);
			runOnlyForDeploymentPostprocessing = 0;
		};
		956CEEEA2F758BCB00CD96C9 /* Sources */ = {
			isa = PBXSourcesBuildPhase;
			buildActionMask = 2147483647;
			files = (
			);
			runOnlyForDeploymentPostprocessing = 0;
		};
		956CEEF42F758BCB00CD96C9 /* Sources */ = {
			isa = PBXSourcesBuildPhase;
			buildActionMask = 2147483647;
			files = (
			);
			runOnlyForDeploymentPostprocessing = 0;
		};
/* End PBXSourcesBuildPhase section */

/* Begin PBXTargetDependency section */
		956CEEF02F758BCB00CD96C9 /* PBXTargetDependency */ = {
			isa = PBXTargetDependency;
			target = 956CEEDD2F758BC900CD96C9 /* ConnectMate */;
			targetProxy = 956CEEEF2F758BCB00CD96C9 /* PBXContainerItemProxy */;
		};
		956CEEFA2F758BCB00CD96C9 /* PBXTargetDependency */ = {
			isa = PBXTargetDependency;
			target = 956CEEDD2F758BC900CD96C9 /* ConnectMate */;
			targetProxy = 956CEEF92F758BCB00CD96C9 /* PBXContainerItemProxy */;
		};
/* End PBXTargetDependency section */

/* Begin XCBuildConfiguration section */
		956CEF002F758BCB00CD96C9 /* Debug */ = {
			isa = XCBuildConfiguration;
			buildSettings = {
				ALWAYS_SEARCH_USER_PATHS = NO;
				ASSETCATALOG_COMPILER_GENERATE_SWIFT_ASSET_SYMBOL_EXTENSIONS = YES;
				CLANG_ANALYZER_NONNULL = YES;
				CLANG_ANALYZER_NUMBER_OBJECT_CONVERSION = YES_AGGRESSIVE;
				CLANG_CXX_LANGUAGE_STANDARD = "gnu++20";
				CLANG_ENABLE_MODULES = YES;
				CLANG_ENABLE_OBJC_ARC = YES;
				CLANG_ENABLE_OBJC_WEAK = YES;
				CLANG_WARN_BLOCK_CAPTURE_AUTORELEASING = YES;
				CLANG_WARN_BOOL_CONVERSION = YES;
				CLANG_WARN_COMMA = YES;
				CLANG_WARN_CONSTANT_CONVERSION = YES;
				CLANG_WARN_DEPRECATED_OBJC_IMPLEMENTATIONS = YES;
				CLANG_WARN_DIRECT_OBJC_ISA_USAGE = YES_ERROR;
				CLANG_WARN_DOCUMENTATION_COMMENTS = YES;
				CLANG_WARN_EMPTY_BODY = YES;
				CLANG_WARN_ENUM_CONVERSION = YES;
				CLANG_WARN_INFINITE_RECURSION = YES;
				CLANG_WARN_INT_CONVERSION = YES;
				CLANG_WARN_NON_LITERAL_NULL_CONVERSION = YES;
				CLANG_WARN_OBJC_IMPLICIT_RETAIN_SELF = YES;
				CLANG_WARN_OBJC_LITERAL_CONVERSION = YES;
				CLANG_WARN_OBJC_ROOT_CLASS = YES_ERROR;
				CLANG_WARN_QUOTED_INCLUDE_IN_FRAMEWORK_HEADER = YES;
				CLANG_WARN_RANGE_LOOP_ANALYSIS = YES;
				CLANG_WARN_STRICT_PROTOTYPES = YES;
				CLANG_WARN_SUSPICIOUS_MOVE = YES;
				CLANG_WARN_UNGUARDED_AVAILABILITY = YES_AGGRESSIVE;
				CLANG_WARN_UNREACHABLE_CODE = YES;
				CLANG_WARN__DUPLICATE_METHOD_MATCH = YES;
				COPY_PHASE_STRIP = NO;
				DEBUG_INFORMATION_FORMAT = dwarf;
				DEVELOPMENT_TEAM = X6B6C6U6QV;
				ENABLE_STRICT_OBJC_MSGSEND = YES;
				ENABLE_TESTABILITY = YES;
				ENABLE_USER_SCRIPT_SANDBOXING = YES;
				GCC_C_LANGUAGE_STANDARD = gnu17;
				GCC_DYNAMIC_NO_PIC = NO;
				GCC_NO_COMMON_BLOCKS = YES;
				GCC_OPTIMIZATION_LEVEL = 0;
				GCC_PREPROCESSOR_DEFINITIONS = (
					"DEBUG=1",
					"$(inherited)",
				);
				GCC_WARN_64_TO_32_BIT_CONVERSION = YES;
				GCC_WARN_ABOUT_RETURN_TYPE = YES_ERROR;
				GCC_WARN_UNDECLARED_SELECTOR = YES;
				GCC_WARN_UNINITIALIZED_AUTOS = YES_AGGRESSIVE;
				GCC_WARN_UNUSED_FUNCTION = YES;
				GCC_WARN_UNUSED_VARIABLE = YES;
				LOCALIZATION_PREFERS_STRING_CATALOGS = YES;
				MACOSX_DEPLOYMENT_TARGET = 26.3;
				MTL_ENABLE_DEBUG_INFO = INCLUDE_SOURCE;
				MTL_FAST_MATH = YES;
				ONLY_ACTIVE_ARCH = YES;
				SDKROOT = macosx;
				SWIFT_ACTIVE_COMPILATION_CONDITIONS = "DEBUG $(inherited)";
				SWIFT_OPTIMIZATION_LEVEL = "-Onone";
			};
			name = Debug;
		};
		956CEF012F758BCB00CD96C9 /* Release */ = {
			isa = XCBuildConfiguration;
			buildSettings = {
				ALWAYS_SEARCH_USER_PATHS = NO;
				ASSETCATALOG_COMPILER_GENERATE_SWIFT_ASSET_SYMBOL_EXTENSIONS = YES;
				CLANG_ANALYZER_NONNULL = YES;
				CLANG_ANALYZER_NUMBER_OBJECT_CONVERSION = YES_AGGRESSIVE;
				CLANG_CXX_LANGUAGE_STANDARD = "gnu++20";
				CLANG_ENABLE_MODULES = YES;
				CLANG_ENABLE_OBJC_ARC = YES;
				CLANG_ENABLE_OBJC_WEAK = YES;
				CLANG_WARN_BLOCK_CAPTURE_AUTORELEASING = YES;
				CLANG_WARN_BOOL_CONVERSION = YES;
				CLANG_WARN_COMMA = YES;
				CLANG_WARN_CONSTANT_CONVERSION = YES;
				CLANG_WARN_DEPRECATED_OBJC_IMPLEMENTATIONS = YES;
				CLANG_WARN_DIRECT_OBJC_ISA_USAGE = YES_ERROR;
				CLANG_WARN_DOCUMENTATION_COMMENTS = YES;
				CLANG_WARN_EMPTY_BODY = YES;
				CLANG_WARN_ENUM_CONVERSION = YES;
				CLANG_WARN_INFINITE_RECURSION = YES;
				CLANG_WARN_INT_CONVERSION = YES;
				CLANG_WARN_NON_LITERAL_NULL_CONVERSION = YES;
				CLANG_WARN_OBJC_IMPLICIT_RETAIN_SELF = YES;
				CLANG_WARN_OBJC_LITERAL_CONVERSION = YES;
				CLANG_WARN_OBJC_ROOT_CLASS = YES_ERROR;
				CLANG_WARN_QUOTED_INCLUDE_IN_FRAMEWORK_HEADER = YES;
				CLANG_WARN_RANGE_LOOP_ANALYSIS = YES;
				CLANG_WARN_STRICT_PROTOTYPES = YES;
				CLANG_WARN_SUSPICIOUS_MOVE = YES;
				CLANG_WARN_UNGUARDED_AVAILABILITY = YES_AGGRESSIVE;
				CLANG_WARN_UNREACHABLE_CODE = YES;
				CLANG_WARN__DUPLICATE_METHOD_MATCH = YES;
				COPY_PHASE_STRIP = NO;
				DEBUG_INFORMATION_FORMAT = "dwarf-with-dsym";
				DEVELOPMENT_TEAM = X6B6C6U6QV;
				ENABLE_NS_ASSERTIONS = NO;
				ENABLE_STRICT_OBJC_MSGSEND = YES;
				ENABLE_USER_SCRIPT_SANDBOXING = YES;
				GCC_C_LANGUAGE_STANDARD = gnu17;
				GCC_NO_COMMON_BLOCKS = YES;
				GCC_WARN_64_TO_32_BIT_CONVERSION = YES;
				GCC_WARN_ABOUT_RETURN_TYPE = YES_ERROR;
				GCC_WARN_UNDECLARED_SELECTOR = YES;
				GCC_WARN_UNINITIALIZED_AUTOS = YES_AGGRESSIVE;
				GCC_WARN_UNUSED_FUNCTION = YES;
				GCC_WARN_UNUSED_VARIABLE = YES;
				LOCALIZATION_PREFERS_STRING_CATALOGS = YES;
				MACOSX_DEPLOYMENT_TARGET = 26.3;
				MTL_ENABLE_DEBUG_INFO = NO;
				MTL_FAST_MATH = YES;
				SDKROOT = macosx;
				SWIFT_COMPILATION_MODE = wholemodule;
			};
			name = Release;
		};
		956CEF032F758BCB00CD96C9 /* Debug */ = {
			isa = XCBuildConfiguration;
			baseConfigurationReference = E9AB2F601C5FBBB94214D461 /* Pods-ConnectMate.debug.xcconfig */;
			buildSettings = {
				ASSETCATALOG_COMPILER_APPICON_NAME = AppIcon;
				ASSETCATALOG_COMPILER_GLOBAL_ACCENT_COLOR_NAME = AccentColor;
				CODE_SIGN_STYLE = Automatic;
				CODE_SIGN_ENTITLEMENTS = ConnectMate/ConnectMate.entitlements;
				COMBINE_HIDPI_IMAGES = YES;
				CURRENT_PROJECT_VERSION = 1;
				DEVELOPMENT_TEAM = X6B6C6U6QV;
				ENABLE_APP_SANDBOX = NO;
				ENABLE_HARDENED_RUNTIME = YES;
				GENERATE_INFOPLIST_FILE = NO;
				INFOPLIST_FILE = Resources/Info.plist;
				LD_RUNPATH_SEARCH_PATHS = (
					"$(inherited)",
					"@executable_path/../Frameworks",
				);
				MACOSX_DEPLOYMENT_TARGET = 13.0;
				MARKETING_VERSION = 1.0;
				PRODUCT_BUNDLE_IDENTIFIER = cn.vanjay.ConnectMate;
				PRODUCT_NAME = "$(TARGET_NAME)";
				REGISTER_APP_GROUPS = YES;
				STRING_CATALOG_GENERATE_SYMBOLS = YES;
				SWIFT_APPROACHABLE_CONCURRENCY = YES;
				SWIFT_DEFAULT_ACTOR_ISOLATION = MainActor;
				SWIFT_EMIT_LOC_STRINGS = YES;
				SWIFT_UPCOMING_FEATURE_MEMBER_IMPORT_VISIBILITY = YES;
				SWIFT_VERSION = 5.0;
			};
			name = Debug;
		};
		956CEF042F758BCB00CD96C9 /* Release */ = {
			isa = XCBuildConfiguration;
			baseConfigurationReference = 3CCC71502E43EA7ADFB0852D /* Pods-ConnectMate.release.xcconfig */;
			buildSettings = {
				ASSETCATALOG_COMPILER_APPICON_NAME = AppIcon;
				ASSETCATALOG_COMPILER_GLOBAL_ACCENT_COLOR_NAME = AccentColor;
				CODE_SIGN_STYLE = Automatic;
				CODE_SIGN_ENTITLEMENTS = "ConnectMate/ConnectMate-Release.entitlements";
				COMBINE_HIDPI_IMAGES = YES;
				CURRENT_PROJECT_VERSION = 1;
				DEVELOPMENT_TEAM = X6B6C6U6QV;
				ENABLE_APP_SANDBOX = NO;
				ENABLE_HARDENED_RUNTIME = YES;
				GENERATE_INFOPLIST_FILE = NO;
				INFOPLIST_FILE = Resources/Info.plist;
				LD_RUNPATH_SEARCH_PATHS = (
					"$(inherited)",
					"@executable_path/../Frameworks",
				);
				MACOSX_DEPLOYMENT_TARGET = 13.0;
				MARKETING_VERSION = 1.0;
				PRODUCT_BUNDLE_IDENTIFIER = cn.vanjay.ConnectMate;
				PRODUCT_NAME = "$(TARGET_NAME)";
				REGISTER_APP_GROUPS = YES;
				STRING_CATALOG_GENERATE_SYMBOLS = YES;
				SWIFT_APPROACHABLE_CONCURRENCY = YES;
				SWIFT_DEFAULT_ACTOR_ISOLATION = MainActor;
				SWIFT_EMIT_LOC_STRINGS = YES;
				SWIFT_UPCOMING_FEATURE_MEMBER_IMPORT_VISIBILITY = YES;
				SWIFT_VERSION = 5.0;
			};
			name = Release;
		};
		956CEF062F758BCB00CD96C9 /* Debug */ = {
			isa = XCBuildConfiguration;
			baseConfigurationReference = E0D6037CE90C07A89CC4D31F /* Pods-ConnectMate-ConnectMateTests.debug.xcconfig */;
			buildSettings = {
				BUNDLE_LOADER = "$(TEST_HOST)";
				CODE_SIGN_STYLE = Automatic;
				CURRENT_PROJECT_VERSION = 1;
				DEVELOPMENT_TEAM = X6B6C6U6QV;
				GENERATE_INFOPLIST_FILE = YES;
				MACOSX_DEPLOYMENT_TARGET = 13.0;
				MARKETING_VERSION = 1.0;
				PRODUCT_BUNDLE_IDENTIFIER = cn.vanjay.ConnectMateTests;
				PRODUCT_NAME = "$(TARGET_NAME)";
				STRING_CATALOG_GENERATE_SYMBOLS = NO;
				SWIFT_APPROACHABLE_CONCURRENCY = YES;
				SWIFT_EMIT_LOC_STRINGS = NO;
				SWIFT_UPCOMING_FEATURE_MEMBER_IMPORT_VISIBILITY = YES;
				SWIFT_VERSION = 5.0;
				TEST_HOST = "$(BUILT_PRODUCTS_DIR)/ConnectMate.app/$(BUNDLE_EXECUTABLE_FOLDER_PATH)/ConnectMate";
			};
			name = Debug;
		};
		956CEF072F758BCB00CD96C9 /* Release */ = {
			isa = XCBuildConfiguration;
			baseConfigurationReference = B2EF292DD0A02A8B95B9F465 /* Pods-ConnectMate-ConnectMateTests.release.xcconfig */;
			buildSettings = {
				BUNDLE_LOADER = "$(TEST_HOST)";
				CODE_SIGN_STYLE = Automatic;
				CURRENT_PROJECT_VERSION = 1;
				DEVELOPMENT_TEAM = X6B6C6U6QV;
				GENERATE_INFOPLIST_FILE = YES;
				MACOSX_DEPLOYMENT_TARGET = 13.0;
				MARKETING_VERSION = 1.0;
				PRODUCT_BUNDLE_IDENTIFIER = cn.vanjay.ConnectMateTests;
				PRODUCT_NAME = "$(TARGET_NAME)";
				STRING_CATALOG_GENERATE_SYMBOLS = NO;
				SWIFT_APPROACHABLE_CONCURRENCY = YES;
				SWIFT_EMIT_LOC_STRINGS = NO;
				SWIFT_UPCOMING_FEATURE_MEMBER_IMPORT_VISIBILITY = YES;
				SWIFT_VERSION = 5.0;
				TEST_HOST = "$(BUILT_PRODUCTS_DIR)/ConnectMate.app/$(BUNDLE_EXECUTABLE_FOLDER_PATH)/ConnectMate";
			};
			name = Release;
		};
		956CEF092F758BCB00CD96C9 /* Debug */ = {
			isa = XCBuildConfiguration;
			baseConfigurationReference = 47172083A9DC6EA3FD20400B /* Pods-ConnectMate-ConnectMateUITests.debug.xcconfig */;
			buildSettings = {
				CODE_SIGN_STYLE = Automatic;
				CURRENT_PROJECT_VERSION = 1;
				DEVELOPMENT_TEAM = X6B6C6U6QV;
				GENERATE_INFOPLIST_FILE = YES;
				MACOSX_DEPLOYMENT_TARGET = 13.0;
				MARKETING_VERSION = 1.0;
				PRODUCT_BUNDLE_IDENTIFIER = cn.vanjay.ConnectMateUITests;
				PRODUCT_NAME = "$(TARGET_NAME)";
				STRING_CATALOG_GENERATE_SYMBOLS = NO;
				SWIFT_APPROACHABLE_CONCURRENCY = YES;
				SWIFT_EMIT_LOC_STRINGS = NO;
				SWIFT_UPCOMING_FEATURE_MEMBER_IMPORT_VISIBILITY = YES;
				SWIFT_VERSION = 5.0;
				TEST_TARGET_NAME = ConnectMate;
			};
			name = Debug;
		};
		956CEF0A2F758BCB00CD96C9 /* Release */ = {
			isa = XCBuildConfiguration;
			baseConfigurationReference = 9F6E46A24790FF856EF6E883 /* Pods-ConnectMate-ConnectMateUITests.release.xcconfig */;
			buildSettings = {
				CODE_SIGN_STYLE = Automatic;
				CURRENT_PROJECT_VERSION = 1;
				DEVELOPMENT_TEAM = X6B6C6U6QV;
				GENERATE_INFOPLIST_FILE = YES;
				MACOSX_DEPLOYMENT_TARGET = 13.0;
				MARKETING_VERSION = 1.0;
				PRODUCT_BUNDLE_IDENTIFIER = cn.vanjay.ConnectMateUITests;
				PRODUCT_NAME = "$(TARGET_NAME)";
				STRING_CATALOG_GENERATE_SYMBOLS = NO;
				SWIFT_APPROACHABLE_CONCURRENCY = YES;
				SWIFT_EMIT_LOC_STRINGS = NO;
				SWIFT_UPCOMING_FEATURE_MEMBER_IMPORT_VISIBILITY = YES;
				SWIFT_VERSION = 5.0;
				TEST_TARGET_NAME = ConnectMate;
			};
			name = Release;
		};
/* End XCBuildConfiguration section */

/* Begin XCConfigurationList section */
		956CEED92F758BC900CD96C9 /* Build configuration list for PBXProject "ConnectMate" */ = {
			isa = XCConfigurationList;
			buildConfigurations = (
				956CEF002F758BCB00CD96C9 /* Debug */,
				956CEF012F758BCB00CD96C9 /* Release */,
			);
			defaultConfigurationIsVisible = 0;
			defaultConfigurationName = Release;
		};
		956CEF022F758BCB00CD96C9 /* Build configuration list for PBXNativeTarget "ConnectMate" */ = {
			isa = XCConfigurationList;
			buildConfigurations = (
				956CEF032F758BCB00CD96C9 /* Debug */,
				956CEF042F758BCB00CD96C9 /* Release */,
			);
			defaultConfigurationIsVisible = 0;
			defaultConfigurationName = Release;
		};
		956CEF052F758BCB00CD96C9 /* Build configuration list for PBXNativeTarget "ConnectMateTests" */ = {
			isa = XCConfigurationList;
			buildConfigurations = (
				956CEF062F758BCB00CD96C9 /* Debug */,
				956CEF072F758BCB00CD96C9 /* Release */,
			);
			defaultConfigurationIsVisible = 0;
			defaultConfigurationName = Release;
		};
		956CEF082F758BCB00CD96C9 /* Build configuration list for PBXNativeTarget "ConnectMateUITests" */ = {
			isa = XCConfigurationList;
			buildConfigurations = (
				956CEF092F758BCB00CD96C9 /* Debug */,
				956CEF0A2F758BCB00CD96C9 /* Release */,
			);
			defaultConfigurationIsVisible = 0;
			defaultConfigurationName = Release;
		};
/* End XCConfigurationList section */

/* Begin XCRemoteSwiftPackageReference section */
		14C0F53A1B6F4B5E9A000201 /* XCRemoteSwiftPackageReference "SnapKit" */ = {
			isa = XCRemoteSwiftPackageReference;
			repositoryURL = "https://github.com/SnapKit/SnapKit.git";
			requirement = {
				kind = upToNextMajorVersion;
				minimumVersion = 5.7.1;
			};
		};
		14C0F53A1B6F4B5E9A000202 /* XCRemoteSwiftPackageReference "Sparkle" */ = {
			isa = XCRemoteSwiftPackageReference;
			repositoryURL = "https://github.com/sparkle-project/Sparkle.git";
			requirement = {
				kind = upToNextMajorVersion;
				minimumVersion = 2.8.0;
			};
		};
		14C0F53A1B6F4B5E9A000203 /* XCRemoteSwiftPackageReference "GRDB.swift" */ = {
			isa = XCRemoteSwiftPackageReference;
			repositoryURL = "https://github.com/groue/GRDB.swift.git";
			requirement = {
				kind = upToNextMajorVersion;
				minimumVersion = 7.0.0;
			};
		};
/* End XCRemoteSwiftPackageReference section */

/* Begin XCSwiftPackageProductDependency section */
		14C0F53A1B6F4B5E9A000101 /* SnapKit */ = {
			isa = XCSwiftPackageProductDependency;
			package = 14C0F53A1B6F4B5E9A000201 /* XCRemoteSwiftPackageReference "SnapKit" */;
			productName = SnapKit;
		};
		14C0F53A1B6F4B5E9A000102 /* Sparkle */ = {
			isa = XCSwiftPackageProductDependency;
			package = 14C0F53A1B6F4B5E9A000202 /* XCRemoteSwiftPackageReference "Sparkle" */;
			productName = Sparkle;
		};
		14C0F53A1B6F4B5E9A000103 /* GRDB */ = {
			isa = XCSwiftPackageProductDependency;
			package = 14C0F53A1B6F4B5E9A000203 /* XCRemoteSwiftPackageReference "GRDB.swift" */;
			productName = GRDB;
		};
/* End XCSwiftPackageProductDependency section */
	};
	rootObject = 956CEED62F758BC900CD96C9 /* Project object */;
}
